// !$*UTF8*$!
{
	archiveVersion = 1;
	classes = {
	};
	objectVersion = 46;
	objects = {

/* Begin PBXBuildFile section */
		E37125361EE72F98005817A0 /* AppDelegate.swift in Sources */ = {isa = PBXBuildFile; fileRef = E37125351EE72F98005817A0 /* AppDelegate.swift */; };
		E37125381EE72F98005817A0 /* ViewController.swift in Sources */ = {isa = PBXBuildFile; fileRef = E37125371EE72F98005817A0 /* ViewController.swift */; };
		E371253B1EE72F98005817A0 /* Main.storyboard in Resources */ = {isa = PBXBuildFile; fileRef = E37125391EE72F98005817A0 /* Main.storyboard */; };
		E371253D1EE72F98005817A0 /* Assets.xcassets in Resources */ = {isa = PBXBuildFile; fileRef = E371253C1EE72F98005817A0 /* Assets.xcassets */; };
		E37125401EE72F98005817A0 /* LaunchScreen.storyboard in Resources */ = {isa = PBXBuildFile; fileRef = E371253E1EE72F98005817A0 /* LaunchScreen.storyboard */; };
/* End PBXBuildFile section */

/* Begin PBXFileReference section */
		E37125321EE72F98005817A0 /* CustomPickerTest.app */ = {isa = PBXFileReference; explicitFileType = wrapper.application; includeInIndex = 0; path = CustomPickerTest.app; sourceTree = BUILT_PRODUCTS_DIR; };
		E37125351EE72F98005817A0 /* AppDelegate.swift */ = {isa = PBXFileReference; lastKnownFileType = sourcecode.swift; path = AppDelegate.swift; sourceTree = "<group>"; };
		E37125371EE72F98005817A0 /* ViewController.swift */ = {isa = PBXFileReference; lastKnownFileType = sourcecode.swift; path = ViewController.swift; sourceTree = "<group>"; };
		E371253A1EE72F98005817A0 /* Base */ = {isa = PBXFileReference; lastKnownFileType = file.storyboard; name = Base; path = Base.lproj/Main.storyboard; sourceTree = "<group>"; };
		E371253C1EE72F98005817A0 /* Assets.xcassets */ = {isa = PBXFileReference; lastKnownFileType = folder.assetcatalog; path = Assets.xcassets; sourceTree = "<group>"; };
		E371253F1EE72F98005817A0 /* Base */ = {isa = PBXFileReference; lastKnownFileType = file.storyboard; name = Base; path = Base.lproj/LaunchScreen.storyboard; sourceTree = "<group>"; };
		E37125411EE72F98005817A0 /* Info.plist */ = {isa = PBXFileReference; lastKnownFileType = text.plist.xml; path = Info.plist; sourceTree = "<group>"; };
/* End PBXFileReference section */

/* Begin PBXFrameworksBuildPhase section */
		E371252F1EE72F98005817A0 /* Frameworks */ = {
			isa = PBXFrameworksBuildPhase;
			buildActionMask = 2147483647;
			files = (
			);
			runOnlyForDeploymentPostprocessing = 0;
		};
/* End PBXFrameworksBuildPhase section */

/* Begin PBXGroup section */
		E37125291EE72F98005817A0 = {
			isa = PBXGroup;
			children = (
				E37125341EE72F98005817A0 /* CustomPickerTest */,
				E37125331EE72F98005817A0 /* Products */,
			);
			sourceTree = "<group>";
		};
		E37125331EE72F98005817A0 /* Products */ = {
			isa = PBXGroup;
			children = (
				E37125321EE72F98005817A0 /* CustomPickerTest.app */,
			);
			name = Products;
			sourceTree = "<group>";
		};
		E37125341EE72F98005817A0 /* CustomPickerTest */ = {
			isa = PBXGroup;
			children = (
				E37125351EE72F98005817A0 /* AppDelegate.swift */,
				E37125371EE72F98005817A0 /* ViewController.swift */,
				E37125391EE72F98005817A0 /* Main.storyboard */,
				E371253C1EE72F98005817A0 /* Assets.xcassets */,
				E371253E1EE72F98005817A0 /* LaunchScreen.storyboard */,
				E37125411EE72F98005817A0 /* Info.plist */,
			);
			path = CustomPickerTest;
			sourceTree = "<group>";
		};
/* End PBXGroup section */

/* Begin PBXNativeTarget section */
		E37125311EE72F98005817A0 /* CustomPickerTest */ = {
			isa = PBXNativeTarget;
			buildConfigurationList = E37125441EE72F98005817A0 /* Build configuration list for PBXNativeTarget "CustomPickerTest" */;
			buildPhases = (
				E371252E1EE72F98005817A0 /* Sources */,
				E371252F1EE72F98005817A0 /* Frameworks */,
				E37125301EE72F98005817A0 /* Resources */,
			);
			buildRules = (
			);
			dependencies = (
			);
			name = CustomPickerTest;
			productName = CustomPickerTest;
			productReference = E37125321EE72F98005817A0 /* CustomPickerTest.app */;
			productType = "com.apple.product-type.application";
		};
/* End PBXNativeTarget section */

/* Begin PBXProject section */
		E371252A1EE72F98005817A0 /* Project object */ = {
			isa = PBXProject;
			attributes = {
				LastSwiftUpdateCheck = 0830;
				LastUpgradeCheck = 0830;
				ORGANIZATIONNAME = "Francois Technology";
				TargetAttributes = {
					E37125311EE72F98005817A0 = {
						CreatedOnToolsVersion = 8.3.2;
						DevelopmentTeam = D4T692RC82;
						ProvisioningStyle = Automatic;
					};
				};
			};
			buildConfigurationList = E371252D1EE72F98005817A0 /* Build configuration list for PBXProject "CustomPickerTest" */;
			compatibilityVersion = "Xcode 3.2";
			developmentRegion = English;
			hasScannedForEncodings = 0;
			knownRegions = (
				en,
				Base,
			);
			mainGroup = E37125291EE72F98005817A0;
			productRefGroup = E37125331EE72F98005817A0 /* Products */;
			projectDirPath = "";
			projectRoot = "";
			targets = (
				E37125311EE72F98005817A0 /* CustomPickerTest */,
			);
		};
/* End PBXProject section */

/* Begin PBXResourcesBuildPhase section */
		E37125301EE72F98005817A0 /* Resources */ = {
			isa = PBXResourcesBuildPhase;
			buildActionMask = 2147483647;
			files = (
				E37125401EE72F98005817A0 /* LaunchScreen.storyboard in Resources */,
				E371253D1EE72F98005817A0 /* Assets.xcassets in Resources */,
				E371253B1EE72F98005817A0 /* Main.storyboard in Resources */,
			);
			runOnlyForDeploymentPostprocessing = 0;
		};
/* End PBXResourcesBuildPhase section */

/* Begin PBXSourcesBuildPhase section */
		E371252E1EE72F98005817A0 /* Sources */ = {
			isa = PBXSourcesBuildPhase;
			buildActionMask = 2147483647;
			files = (
				E37125381EE72F98005817A0 /* ViewController.swift in Sources */,
				E37125361EE72F98005817A0 /* AppDelegate.swift in Sources */,
			);
			runOnlyForDeploymentPostprocessing = 0;
		};
/* End PBXSourcesBuildPhase section */

/* Begin PBXVariantGroup section */
		E37125391EE72F98005817A0 /* Main.storyboard */ = {
			isa = PBXVariantGroup;
			children = (
				E371253A1EE72F98005817A0 /* Base */,
			);
			name = Main.storyboard;
			sourceTree = "<group>";
		};
		E371253E1EE72F98005817A0 /* LaunchScreen.storyboard */ = {
			isa = PBXVariantGroup;
			children = (
				E371253F1EE72F98005817A0 /* Base */,
			);
			name = LaunchScreen.storyboard;
			sourceTree = "<group>";
		};
/* End PBXVariantGroup section */

/* Begin XCBuildConfiguration section */
		E37125421EE72F98005817A0 /* Debug */ = {
			isa = XCBuildConfiguration;
			buildSettings = {
				ALWAYS_SEARCH_USER_PATHS = NO;
				CLANG_ANALYZER_NONNULL = YES;
				CLANG_ANALYZER_NUMBER_OBJECT_CONVERSION = YES_AGGRESSIVE;
				CLANG_CXX_LANGUAGE_STANDARD = "gnu++0x";
				CLANG_CXX_LIBRARY = "libc++";
				CLANG_ENABLE_MODULES = YES;
				CLANG_ENABLE_OBJC_ARC = YES;
				CLANG_WARN_BOOL_CONVERSION = YES;
				CLANG_WARN_CONSTANT_CONVERSION = YES;
				CLANG_WARN_DIRECT_OBJC_ISA_USAGE = YES_ERROR;
				CLANG_WARN_DOCUMENTATION_COMMENTS = YES;
				CLANG_WARN_EMPTY_BODY = YES;
				CLANG_WARN_ENUM_CONVERSION = YES;
				CLANG_WARN_INFINITE_RECURSION = YES;
				CLANG_WARN_INT_CONVERSION = YES;
				CLANG_WARN_OBJC_ROOT_CLASS = YES_ERROR;
				CLANG_WARN_SUSPICIOUS_MOVE = YES;
				CLANG_WARN_UNREACHABLE_CODE = YES;
				CLANG_WARN__DUPLICATE_METHOD_MATCH = YES;
				"CODE_SIGN_IDENTITY[sdk=iphoneos*]" = "iPhone Developer";
				COPY_PHASE_STRIP = NO;
				DEBUG_INFORMATION_FORMAT = dwarf;
				ENABLE_STRICT_OBJC_MSGSEND = YES;
				ENABLE_TESTABILITY = YES;
				GCC_C_LANGUAGE_STANDARD = gnu99;
				GCC_DYNAMIC_NO_PIC = NO;
				GCC_NO_COMMON_BLOCKS = YES;
				GCC_OPTIMIZATION_LEVEL = 0;
				GCC_PREPROCESSOR_DEFINITIONS = (
					"DEBUG=1",
					"$(inherited)",
				);
				GCC_WARN_64_TO_32_BIT_CONVERSION = YES;
				GCC_WARN_ABOUT_RETURN_TYPE = YES_ERROR;
				GCC_WARN_UNDECLARED_SELECTOR = YES;
				GCC_WARN_UNINITIALIZED_AUTOS = YES_AGGRESSIVE;
				GCC_WARN_UNUSED_FUNCTION = YES;
				GCC_WARN_UNUSED_VARIABLE = YES;
				IPHONEOS_DEPLOYMENT_TARGET = 10.3;
				MTL_ENABLE_DEBUG_INFO = YES;
				ONLY_ACTIVE_ARCH = YES;
				SDKROOT = iphoneos;
				SWIFT_ACTIVE_COMPILATION_CONDITIONS = DEBUG;
				SWIFT_OPTIMIZATION_LEVEL = "-Onone";
				TARGETED_DEVICE_FAMILY = "1,2";
			};
			name = Debug;
		};
		E37125431EE72F98005817A0 /* Release */ = {
			isa = XCBuildConfiguration;
			buildSettings = {
				ALWAYS_SEARCH_USER_PATHS = NO;
				CLANG_ANALYZER_NONNULL = YES;
				CLANG_ANALYZER_NUMBER_OBJECT_CONVERSION = YES_AGGRESSIVE;
				CLANG_CXX_LANGUAGE_STANDARD = "gnu++0x";
				CLANG_CXX_LIBRARY = "libc++";
				CLANG_ENABLE_MODULES = YES;
				CLANG_ENABLE_OBJC_ARC = YES;
				CLANG_WARN_BOOL_CONVERSION = YES;
				CLANG_WARN_CONSTANT_CONVERSION = YES;
				CLANG_WARN_DIRECT_OBJC_ISA_USAGE = YES_ERROR;
				CLANG_WARN_DOCUMENTATION_COMMENTS = YES;
				CLANG_WARN_EMPTY_BODY = YES;
				CLANG_WARN_ENUM_CONVERSION = YES;
				CLANG_WARN_INFINITE_RECURSION = YES;
				CLANG_WARN_INT_CONVERSION = YES;
				CLANG_WARN_OBJC_ROOT_CLASS = YES_ERROR;
				CLANG_WARN_SUSPICIOUS_MOVE = YES;
				CLANG_WARN_UNREACHABLE_CODE = YES;
				CLANG_WARN__DUPLICATE_METHOD_MATCH = YES;
				"CODE_SIGN_IDENTITY[sdk=iphoneos*]" = "iPhone Developer";
				COPY_PHASE_STRIP = NO;
				DEBUG_INFORMATION_FORMAT = "dwarf-with-dsym";
				ENABLE_NS_ASSERTIONS = NO;
				ENABLE_STRICT_OBJC_MSGSEND = YES;
				GCC_C_LANGUAGE_STANDARD = gnu99;
				GCC_NO_COMMON_BLOCKS = YES;
				GCC_WARN_64_TO_32_BIT_CONVERSION = YES;
				GCC_WARN_ABOUT_RETURN_TYPE = YES_ERROR;
				GCC_WARN_UNDECLARED_SELECTOR = YES;
				GCC_WARN_UNINITIALIZED_AUTOS = YES_AGGRESSIVE;
				GCC_WARN_UNUSED_FUNCTION = YES;
				GCC_WARN_UNUSED_VARIABLE = YES;
				IPHONEOS_DEPLOYMENT_TARGET = 10.3;
				MTL_ENABLE_DEBUG_INFO = NO;
				SDKROOT = iphoneos;
				SWIFT_OPTIMIZATION_LEVEL = "-Owholemodule";
				TARGETED_DEVICE_FAMILY = "1,2";
				VALIDATE_PRODUCT = YES;
			};
			name = Release;
		};
		E37125451EE72F98005817A0 /* Debug */ = {
			isa = XCBuildConfiguration;
			buildSettings = {
				ASSETCATALOG_COMPILER_APPICON_NAME = AppIcon;
				DEVELOPMENT_TEAM = D4T692RC82;
				INFOPLIST_FILE = CustomPickerTest/Info.plist;
				LD_RUNPATH_SEARCH_PATHS = "$(inherited) @executable_path/Frameworks";
				PRODUCT_BUNDLE_IDENTIFIER = com.codero.CustomPickerTest;
				PRODUCT_NAME = "$(TARGET_NAME)";
				SWIFT_VERSION = 3.0;
			};
			name = Debug;
		};
		E37125461EE72F98005817A0 /* Release */ = {
			isa = XCBuildConfiguration;
			buildSettings = {
				ASSETCATALOG_COMPILER_APPICON_NAME = AppIcon;
				DEVELOPMENT_TEAM = D4T692RC82;
				INFOPLIST_FILE = CustomPickerTest/Info.plist;
				LD_RUNPATH_SEARCH_PATHS = "$(inherited) @executable_path/Frameworks";
				PRODUCT_BUNDLE_IDENTIFIER = com.codero.CustomPickerTest;
				PRODUCT_NAME = "$(TARGET_NAME)";
				SWIFT_VERSION = 3.0;
			};
			name = Release;
		};
/* End XCBuildConfiguration section */

/* Begin XCConfigurationList section */
		E371252D1EE72F98005817A0 /* Build configuration list for PBXProject "CustomPickerTest" */ = {
			isa = XCConfigurationList;
			buildConfigurations = (
				E37125421EE72F98005817A0 /* Debug */,
				E37125431EE72F98005817A0 /* Release */,
			);
			defaultConfigurationIsVisible = 0;
			defaultConfigurationName = Release;
		};
		E37125441EE72F98005817A0 /* Build configuration list for PBXNativeTarget "CustomPickerTest" */ = {
			isa = XCConfigurationList;
			buildConfigurations = (
				E37125451EE72F98005817A0 /* Debug */,
				E37125461EE72F98005817A0 /* Release */,
			);
			defaultConfigurationIsVisible = 0;
		};
/* End XCConfigurationList section */
	};
	rootObject = E371252A1EE72F98005817A0 /* Project object */;
}
